
Microsoft Visual Studio Solution File, Format Version 12.00
# Visual Studio Version 16
VisualStudioVersion = 16.0.31702.278
MinimumVisualStudioVersion = 10.0.40219.1
Project("{FAE04EC0-301F-11D3-BF4B-00C04F79EFBC}") = "frm_ktra", "frm_ktra\frm_ktra.csproj", "{4F03497F-074C-46EB-95B8-95F77525EADB}"
EndProject
Global
	GlobalSection(SolutionConfigurationPlatforms) = preSolution
		Debug|Any CPU = Debug|Any CPU
		Release|Any CPU = Release|Any CPU
	EndGlobalSection
	GlobalSection(ProjectConfigurationPlatforms) = postSolution
		{4F03497F-074C-46EB-95B8-95F77525EADB}.Debug|Any CPU.ActiveCfg = Debug|Any CPU
		{4F03497F-074C-46EB-95B8-95F77525EADB}.Debug|Any CPU.Build.0 = Debug|Any CPU
		{4F03497F-074C-46EB-95B8-95F77525EADB}.Release|Any CPU.ActiveCfg = Release|Any CPU
		{4F03497F-074C-46EB-95B8-95F77525EADB}.Release|Any CPU.Build.0 = Release|Any CPU
	EndGlobalSection
	GlobalSection(SolutionProperties) = preSolution
		HideSolutionNode = FALSE
	EndGlobalSection
	GlobalSection(ExtensibilityGlobals) = postSolution
		SolutionGuid = {C87CC915-CCE4-4632-ADA3-5405F6887F3E}
	EndGlobalSection
EndGlobal
